version = 1
revision = 3
requires-python = ">=3.14"

[[package]]
name = "network-scanner-and-analyzer"
version = "0.1.0"
source = { editable = "." }
dependencies = [
    { name = "psycopg2" },
    { name = "scapy" },
]

[package.metadata]
requires-dist = [
    { name = "psycopg2", specifier = ">=2.9.12" },
    { name = "scapy", specifier = ">=2.7.0" },
]

[[package]]
name = "psycopg2"
version = "2.9.12"
source = { registry = "https://pypi.org/simple" }
sdist = { url = "https://files.pythonhosted.org/packages/c7/bc/f66df707ed1aec949fbf24e4460e4f4277a7ba23cdadb3965bb1f634ddb9/psycopg2-2.9.12.tar.gz", hash = "sha256:1dedb1c7a1d8552c4a6044c6b1c41a52e6a8e2d144af83eccac758076b1b7c15", size = 379683, upload-time = "2026-04-20T23:36:11.013Z" }
wheels = [
    { url = "https://files.pythonhosted.org/packages/73/4a/a3566f77501c21a6c2a1fc234dbe5dff74a86e3f150ef070e4ffb835e7f9/psycopg2-2.9.12-cp314-cp314-win_amd64.whl", hash = "sha256:a73d5513bfe929c56555006c7a9cc7ae6e4276aa99dd2b1e2544eb8bb54f8b23", size = 2848588, upload-time = "2026-04-20T23:33:25.983Z" },
]

[[package]]
name = "scapy"
version = "2.7.0"
source = { registry = "https://pypi.org/simple" }
sdist = { url = "https://files.pythonhosted.org/packages/82/97/7caec64f05eae3d305d83e7cce1ef2f337710513b89efb334f7278202e79/scapy-2.7.0.tar.gz", hash = "sha256:bfc1ef1b93280aea1ddee53be7f74232aa28ac3d891244d41ee85200d24aa446", size = 2412897, upload-time = "2025-12-26T22:10:53.359Z" }
wheels = [
    { url = "https://files.pythonhosted.org/packages/f0/6f/bd32e5e8adc391063858da17271bb444e4b009842cffa593bca8b2b78af7/scapy-2.7.0-py3-none-any.whl", hash = "sha256:eb22786da92be6fd8e5c694ae5595e4f5b9ac1f4364c9c45986844f3e3063561", size = 2590982, upload-time = "2025-12-26T22:07:48.941Z" },
]
